
Microsoft Visual Studio Solution File, Format Version 12.00
# Visual Studio Version 16
VisualStudioVersion = 16.0.29001.49
MinimumVisualStudioVersion = 10.0.40219.1
Project("{8BC9CEB8-8B4A-11D0-8D11-00A0C91BC942}") = "TCPServer", "TCPServer.vcxproj", "{E116557E-48CC-43C1-A00B-1FB0F634026D}"
EndProject
Global
	GlobalSection(SolutionConfigurationPlatforms) = preSolution
		Debug|ARM = Debug|ARM
		Debug|ARM64 = Debug|ARM64
		Debug|x64 = Debug|x64
		Debug|x86 = Debug|x86
		Release|ARM = Release|ARM
		Release|ARM64 = Release|ARM64
		Release|x64 = Release|x64
		Release|x86 = Release|x86
	EndGlobalSection
	GlobalSection(ProjectConfigurationPlatforms) = postSolution
		{E116557E-48CC-43C1-A00B-1FB0F634026D}.Debug|ARM.ActiveCfg = Debug|ARM
		{E116557E-48CC-43C1-A00B-1FB0F634026D}.Debug|ARM.Build.0 = Debug|ARM
		{E116557E-48CC-43C1-A00B-1FB0F634026D}.Debug|ARM.Deploy.0 = Debug|ARM
		{E116557E-48CC-43C1-A00B-1FB0F634026D}.Debug|ARM64.ActiveCfg = Debug|ARM64
		{E116557E-48CC-43C1-A00B-1FB0F634026D}.Debug|ARM64.Build.0 = Debug|ARM64
		{E116557E-48CC-43C1-A00B-1FB0F634026D}.Debug|ARM64.Deploy.0 = Debug|ARM64
		{E116557E-48CC-43C1-A00B-1FB0F634026D}.Debug|x64.ActiveCfg = Debug|x64
		{E116557E-48CC-43C1-A00B-1FB0F634026D}.Debug|x64.Build.0 = Debug|x64
		{E116557E-48CC-43C1-A00B-1FB0F634026D}.Debug|x64.Deploy.0 = Debug|x64
		{E116557E-48CC-43C1-A00B-1FB0F634026D}.Debug|x86.ActiveCfg = Debug|x86
		{E116557E-48CC-43C1-A00B-1FB0F634026D}.Debug|x86.Build.0 = Debug|x86
		{E116557E-48CC-43C1-A00B-1FB0F634026D}.Debug|x86.Deploy.0 = Debug|x86
		{E116557E-48CC-43C1-A00B-1FB0F634026D}.Release|ARM.ActiveCfg = Release|ARM
		{E116557E-48CC-43C1-A00B-1FB0F634026D}.Release|ARM.Build.0 = Release|ARM
		{E116557E-48CC-43C1-A00B-1FB0F634026D}.Release|ARM.Deploy.0 = Release|ARM
		{E116557E-48CC-43C1-A00B-1FB0F634026D}.Release|ARM64.ActiveCfg = Release|ARM64
		{E116557E-48CC-43C1-A00B-1FB0F634026D}.Release|ARM64.Build.0 = Release|ARM64
		{E116557E-48CC-43C1-A00B-1FB0F634026D}.Release|ARM64.Deploy.0 = Release|ARM64
		{E116557E-48CC-43C1-A00B-1FB0F634026D}.Release|x64.ActiveCfg = Release|x64
		{E116557E-48CC-43C1-A00B-1FB0F634026D}.Release|x64.Build.0 = Release|x64
		{E116557E-48CC-43C1-A00B-1FB0F634026D}.Release|x64.Deploy.0 = Release|x64
		{E116557E-48CC-43C1-A00B-1FB0F634026D}.Release|x86.ActiveCfg = Release|x86
		{E116557E-48CC-43C1-A00B-1FB0F634026D}.Release|x86.Build.0 = Release|x86
		{E116557E-48CC-43C1-A00B-1FB0F634026D}.Release|x86.Deploy.0 = Release|x86
	EndGlobalSection
	GlobalSection(SolutionProperties) = preSolution
		HideSolutionNode = FALSE
	EndGlobalSection
	GlobalSection(ExtensibilityGlobals) = postSolution
		SolutionGuid = {F402E417-523C-42D4-B2AB-2141B9369437}
	EndGlobalSection
EndGlobal
